// !$*UTF8*$!
{
	archiveVersion = 1;
	classes = {
	};
	objectVersion = 46;
	objects = {

/* Begin PBXBuildFile section */
		244CA1151D059B9B0066F0BE /* main.m in Sources */ = {isa = PBXBuildFile; fileRef = 244CA1141D059B9B0066F0BE /* main.m */; };
		244CA1181D059B9B0066F0BE /* AppDelegate.m in Sources */ = {isa = PBXBuildFile; fileRef = 244CA1171D059B9B0066F0BE /* AppDelegate.m */; };
		244CA11B1D059B9B0066F0BE /* ViewController.m in Sources */ = {isa = PBXBuildFile; fileRef = 244CA11A1D059B9B0066F0BE /* ViewController.m */; };
		244CA11E1D059B9B0066F0BE /* Main.storyboard in Resources */ = {isa = PBXBuildFile; fileRef = 244CA11C1D059B9B0066F0BE /* Main.storyboard */; };
		244CA1201D059B9B0066F0BE /* Assets.xcassets in Resources */ = {isa = PBXBuildFile; fileRef = 244CA11F1D059B9B0066F0BE /* Assets.xcassets */; };
		244CA1231D059B9B0066F0BE /* LaunchScreen.storyboard in Resources */ = {isa = PBXBuildFile; fileRef = 244CA1211D059B9B0066F0BE /* LaunchScreen.storyboard */; };
/* End PBXBuildFile section */

/* Begin PBXFileReference section */
		244CA1101D059B9B0066F0BE /* yunhao.app */ = {isa = PBXFileReference; explicitFileType = wrapper.application; includeInIndex = 0; path = yunhao.app; sourceTree = BUILT_PRODUCTS_DIR; };
		244CA1141D059B9B0066F0BE /* main.m */ = {isa = PBXFileReference; lastKnownFileType = sourcecode.c.objc; path = main.m; sourceTree = "<group>"; };
		244CA1161D059B9B0066F0BE /* AppDelegate.h */ = {isa = PBXFileReference; lastKnownFileType = sourcecode.c.h; path = AppDelegate.h; sourceTree = "<group>"; };
		244CA1171D059B9B0066F0BE /* AppDelegate.m */ = {isa = PBXFileReference; lastKnownFileType = sourcecode.c.objc; path = AppDelegate.m; sourceTree = "<group>"; };
		244CA1191D059B9B0066F0BE /* ViewController.h */ = {isa = PBXFileReference; lastKnownFileType = sourcecode.c.h; path = ViewController.h; sourceTree = "<group>"; };
		244CA11A1D059B9B0066F0BE /* ViewController.m */ = {isa = PBXFileReference; lastKnownFileType = sourcecode.c.objc; path = ViewController.m; sourceTree = "<group>"; };
		244CA11D1D059B9B0066F0BE /* Base */ = {isa = PBXFileReference; lastKnownFileType = file.storyboard; name = Base; path = Base.lproj/Main.storyboard; sourceTree = "<group>"; };
		244CA11F1D059B9B0066F0BE /* Assets.xcassets */ = {isa = PBXFileReference; lastKnownFileType = folder.assetcatalog; path = Assets.xcassets; sourceTree = "<group>"; };
		244CA1221D059B9B0066F0BE /* Base */ = {isa = PBXFileReference; lastKnownFileType = file.storyboard; name = Base; path = Base.lproj/LaunchScreen.storyboard; sourceTree = "<group>"; };
		244CA1241D059B9B0066F0BE /* Info.plist */ = {isa = PBXFileReference; lastKnownFileType = text.plist.xml; path = Info.plist; sourceTree = "<group>"; };
/* End PBXFileReference section */

/* Begin PBXFrameworksBuildPhase section */
		244CA10D1D059B9B0066F0BE /* Frameworks */ = {
			isa = PBXFrameworksBuildPhase;
			buildActionMask = 2147483647;
			files = (
			);
			runOnlyForDeploymentPostprocessing = 0;
		};
/* End PBXFrameworksBuildPhase section */

/* Begin PBXGroup section */
		244CA1071D059B9B0066F0BE = {
			isa = PBXGroup;
			children = (
				244CA1121D059B9B0066F0BE /* yunhao */,
				244CA1111D059B9B0066F0BE /* Products */,
			);
			sourceTree = "<group>";
		};
		244CA1111D059B9B0066F0BE /* Products */ = {
			isa = PBXGroup;
			children = (
				244CA1101D059B9B0066F0BE /* yunhao.app */,
			);
			name = Products;
			sourceTree = "<group>";
		};
		244CA1121D059B9B0066F0BE /* yunhao */ = {
			isa = PBXGroup;
			children = (
				244CA1161D059B9B0066F0BE /* AppDelegate.h */,
				244CA1171D059B9B0066F0BE /* AppDelegate.m */,
				244CA1191D059B9B0066F0BE /* ViewController.h */,
				244CA11A1D059B9B0066F0BE /* ViewController.m */,
				244CA11C1D059B9B0066F0BE /* Main.storyboard */,
				244CA11F1D059B9B0066F0BE /* Assets.xcassets */,
				244CA1211D059B9B0066F0BE /* LaunchScreen.storyboard */,
				244CA1241D059B9B0066F0BE /* Info.plist */,
				244CA1131D059B9B0066F0BE /* Supporting Files */,
			);
			path = yunhao;
			sourceTree = "<group>";
		};
		244CA1131D059B9B0066F0BE /* Supporting Files */ = {
			isa = PBXGroup;
			children = (
				244CA1141D059B9B0066F0BE /* main.m */,
			);
			name = "Supporting Files";
			sourceTree = "<group>";
		};
/* End PBXGroup section */

/* Begin PBXNativeTarget section */
		244CA10F1D059B9B0066F0BE /* yunhao */ = {
			isa = PBXNativeTarget;
			buildConfigurationList = 244CA1271D059B9B0066F0BE /* Build configuration list for PBXNativeTarget "yunhao" */;
			buildPhases = (
				244CA10C1D059B9B0066F0BE /* Sources */,
				244CA10D1D059B9B0066F0BE /* Frameworks */,
				244CA10E1D059B9B0066F0BE /* Resources */,
			);
			buildRules = (
			);
			dependencies = (
			);
			name = yunhao;
			productName = yunhao;
			productReference = 244CA1101D059B9B0066F0BE /* yunhao.app */;
			productType = "com.apple.product-type.application";
		};
/* End PBXNativeTarget section */

/* Begin PBXProject section */
		244CA1081D059B9B0066F0BE /* Project object */ = {
			isa = PBXProject;
			attributes = {
				LastUpgradeCheck = 0730;
				ORGANIZATIONNAME = "王树超";
				TargetAttributes = {
					244CA10F1D059B9B0066F0BE = {
						CreatedOnToolsVersion = 7.3.1;
					};
				};
			};
			buildConfigurationList = 244CA10B1D059B9B0066F0BE /* Build configuration list for PBXProject "yunhao" */;
			compatibilityVersion = "Xcode 3.2";
			developmentRegion = English;
			hasScannedForEncodings = 0;
			knownRegions = (
				en,
				Base,
			);
			mainGroup = 244CA1071D059B9B0066F0BE;
			productRefGroup = 244CA1111D059B9B0066F0BE /* Products */;
			projectDirPath = "";
			projectRoot = "";
			targets = (
				244CA10F1D059B9B0066F0BE /* yunhao */,
			);
		};
/* End PBXProject section */

/* Begin PBXResourcesBuildPhase section */
		244CA10E1D059B9B0066F0BE /* Resources */ = {
			isa = PBXResourcesBuildPhase;
			buildActionMask = 2147483647;
			files = (
				244CA1231D059B9B0066F0BE /* LaunchScreen.storyboard in Resources */,
				244CA1201D059B9B0066F0BE /* Assets.xcassets in Resources */,
				244CA11E1D059B9B0066F0BE /* Main.storyboard in Resources */,
			);
			runOnlyForDeploymentPostprocessing = 0;
		};
/* End PBXResourcesBuildPhase section */

/* Begin PBXSourcesBuildPhase section */
		244CA10C1D059B9B0066F0BE /* Sources */ = {
			isa = PBXSourcesBuildPhase;
			buildActionMask = 2147483647;
			files = (
				244CA11B1D059B9B0066F0BE /* ViewController.m in Sources */,
				244CA1181D059B9B0066F0BE /* AppDelegate.m in Sources */,
				244CA1151D059B9B0066F0BE /* main.m in Sources */,
			);
			runOnlyForDeploymentPostprocessing = 0;
		};
/* End PBXSourcesBuildPhase section */

/* Begin PBXVariantGroup section */
		244CA11C1D059B9B0066F0BE /* Main.storyboard */ = {
			isa = PBXVariantGroup;
			children = (
				244CA11D1D059B9B0066F0BE /* Base */,
			);
			name = Main.storyboard;
			sourceTree = "<group>";
		};
		244CA1211D059B9B0066F0BE /* LaunchScreen.storyboard */ = {
			isa = PBXVariantGroup;
			children = (
				244CA1221D059B9B0066F0BE /* Base */,
			);
			name = LaunchScreen.storyboard;
			sourceTree = "<group>";
		};
/* End PBXVariantGroup section */

/* Begin XCBuildConfiguration section */
		244CA1251D059B9B0066F0BE /* Debug */ = {
			isa = XCBuildConfiguration;
			buildSettings = {
				ALWAYS_SEARCH_USER_PATHS = NO;
				CLANG_ANALYZER_NONNULL = YES;
				CLANG_CXX_LANGUAGE_STANDARD = "gnu++0x";
				CLANG_CXX_LIBRARY = "libc++";
				CLANG_ENABLE_MODULES = YES;
				CLANG_ENABLE_OBJC_ARC = YES;
				CLANG_WARN_BOOL_CONVERSION = YES;
				CLANG_WARN_CONSTANT_CONVERSION = YES;
				CLANG_WARN_DIRECT_OBJC_ISA_USAGE = YES_ERROR;
				CLANG_WARN_EMPTY_BODY = YES;
				CLANG_WARN_ENUM_CONVERSION = YES;
				CLANG_WARN_INT_CONVERSION = YES;
				CLANG_WARN_OBJC_ROOT_CLASS = YES_ERROR;
				CLANG_WARN_UNREACHABLE_CODE = YES;
				CLANG_WARN__DUPLICATE_METHOD_MATCH = YES;
				"CODE_SIGN_IDENTITY[sdk=iphoneos*]" = "iPhone Developer";
				COPY_PHASE_STRIP = NO;
				DEBUG_INFORMATION_FORMAT = dwarf;
				ENABLE_STRICT_OBJC_MSGSEND = YES;
				ENABLE_TESTABILITY = YES;
				GCC_C_LANGUAGE_STANDARD = gnu99;
				GCC_DYNAMIC_NO_PIC = NO;
				GCC_NO_COMMON_BLOCKS = YES;
				GCC_OPTIMIZATION_LEVEL = 0;
				GCC_PREPROCESSOR_DEFINITIONS = (
					"DEBUG=1",
					"$(inherited)",
				);
				GCC_WARN_64_TO_32_BIT_CONVERSION = YES;
				GCC_WARN_ABOUT_RETURN_TYPE = YES_ERROR;
				GCC_WARN_UNDECLARED_SELECTOR = YES;
				GCC_WARN_UNINITIALIZED_AUTOS = YES_AGGRESSIVE;
				GCC_WARN_UNUSED_FUNCTION = YES;
				GCC_WARN_UNUSED_VARIABLE = YES;
				IPHONEOS_DEPLOYMENT_TARGET = 9.3;
				MTL_ENABLE_DEBUG_INFO = YES;
				ONLY_ACTIVE_ARCH = YES;
				SDKROOT = iphoneos;
				TARGETED_DEVICE_FAMILY = "1,2";
			};
			name = Debug;
		};
		244CA1261D059B9B0066F0BE /* Release */ = {
			isa = XCBuildConfiguration;
			buildSettings = {
				ALWAYS_SEARCH_USER_PATHS = NO;
				CLANG_ANALYZER_NONNULL = YES;
				CLANG_CXX_LANGUAGE_STANDARD = "gnu++0x";
				CLANG_CXX_LIBRARY = "libc++";
				CLANG_ENABLE_MODULES = YES;
				CLANG_ENABLE_OBJC_ARC = YES;
				CLANG_WARN_BOOL_CONVERSION = YES;
				CLANG_WARN_CONSTANT_CONVERSION = YES;
				CLANG_WARN_DIRECT_OBJC_ISA_USAGE = YES_ERROR;
				CLANG_WARN_EMPTY_BODY = YES;
				CLANG_WARN_ENUM_CONVERSION = YES;
				CLANG_WARN_INT_CONVERSION = YES;
				CLANG_WARN_OBJC_ROOT_CLASS = YES_ERROR;
				CLANG_WARN_UNREACHABLE_CODE = YES;
				CLANG_WARN__DUPLICATE_METHOD_MATCH = YES;
				"CODE_SIGN_IDENTITY[sdk=iphoneos*]" = "iPhone Developer";
				COPY_PHASE_STRIP = NO;
				DEBUG_INFORMATION_FORMAT = "dwarf-with-dsym";
				ENABLE_NS_ASSERTIONS = NO;
				ENABLE_STRICT_OBJC_MSGSEND = YES;
				GCC_C_LANGUAGE_STANDARD = gnu99;
				GCC_NO_COMMON_BLOCKS = YES;
				GCC_WARN_64_TO_32_BIT_CONVERSION = YES;
				GCC_WARN_ABOUT_RETURN_TYPE = YES_ERROR;
				GCC_WARN_UNDECLARED_SELECTOR = YES;
				GCC_WARN_UNINITIALIZED_AUTOS = YES_AGGRESSIVE;
				GCC_WARN_UNUSED_FUNCTION = YES;
				GCC_WARN_UNUSED_VARIABLE = YES;
				IPHONEOS_DEPLOYMENT_TARGET = 9.3;
				MTL_ENABLE_DEBUG_INFO = NO;
				SDKROOT = iphoneos;
				TARGETED_DEVICE_FAMILY = "1,2";
				VALIDATE_PRODUCT = YES;
			};
			name = Release;
		};
		244CA1281D059B9B0066F0BE /* Debug */ = {
			isa = XCBuildConfiguration;
			buildSettings = {
				ASSETCATALOG_COMPILER_APPICON_NAME = AppIcon;
				INFOPLIST_FILE = yunhao/Info.plist;
				LD_RUNPATH_SEARCH_PATHS = "$(inherited) @executable_path/Frameworks";
				PRODUCT_BUNDLE_IDENTIFIER = yizhao.yunhao;
				PRODUCT_NAME = "$(TARGET_NAME)";
			};
			name = Debug;
		};
		244CA1291D059B9B0066F0BE /* Release */ = {
			isa = XCBuildConfiguration;
			buildSettings = {
				ASSETCATALOG_COMPILER_APPICON_NAME = AppIcon;
				INFOPLIST_FILE = yunhao/Info.plist;
				LD_RUNPATH_SEARCH_PATHS = "$(inherited) @executable_path/Frameworks";
				PRODUCT_BUNDLE_IDENTIFIER = yizhao.yunhao;
				PRODUCT_NAME = "$(TARGET_NAME)";
			};
			name = Release;
		};
/* End XCBuildConfiguration section */

/* Begin XCConfigurationList section */
		244CA10B1D059B9B0066F0BE /* Build configuration list for PBXProject "yunhao" */ = {
			isa = XCConfigurationList;
			buildConfigurations = (
				244CA1251D059B9B0066F0BE /* Debug */,
				244CA1261D059B9B0066F0BE /* Release */,
			);
			defaultConfigurationIsVisible = 0;
			defaultConfigurationName = Release;
		};
		244CA1271D059B9B0066F0BE /* Build configuration list for PBXNativeTarget "yunhao" */ = {
			isa = XCConfigurationList;
			buildConfigurations = (
				244CA1281D059B9B0066F0BE /* Debug */,
				244CA1291D059B9B0066F0BE /* Release */,
			);
			defaultConfigurationIsVisible = 0;
		};
/* End XCConfigurationList section */
	};
	rootObject = 244CA1081D059B9B0066F0BE /* Project object */;
}
